
Microsoft Visual Studio Solution File, Format Version 12.00
# Visual Studio 15
VisualStudioVersion = 15.0.26124.0
MinimumVisualStudioVersion = 15.0.26124.0
Project("{2150E333-8FDC-42A3-9474-1A3956D46DE8}") = "src", "src", "{2E096C89-BC85-4070-AF10-D30DB950F5B5}"
EndProject
Project("{FAE04EC0-301F-11D3-BF4B-00C04F79EFBC}") = "CoreQuiz.Core", "src\CoreQuiz.Core\CoreQuiz.Core.csproj", "{53F932C5-B759-45E6-8956-0B7092B2453B}"
EndProject
Project("{FAE04EC0-301F-11D3-BF4B-00C04F79EFBC}") = "CoreQuiz.Infrastructure", "src\CoreQuiz.Infrastructure\CoreQuiz.Infrastructure.csproj", "{A17CEAC3-F182-4099-AED6-58BA07BA7C3E}"
EndProject
Project("{FAE04EC0-301F-11D3-BF4B-00C04F79EFBC}") = "CoreQuiz.API", "src\CoreQuiz.API\CoreQuiz.API.csproj", "{93BBEBE3-2D7E-46AA-88BA-299C65AA65DE}"
EndProject
Project("{FAE04EC0-301F-11D3-BF4B-00C04F79EFBC}") = "CoreQuiz.SPA", "src\CoreQuiz.SPA\CoreQuiz.SPA.csproj", "{885F6B6D-576A-4FFC-949B-32C171E875F9}"
EndProject
Project("{2150E333-8FDC-42A3-9474-1A3956D46DE8}") = "test", "test", "{D63419D8-FCB1-4E8D-BEAF-58D3131DE720}"
EndProject
Project("{FAE04EC0-301F-11D3-BF4B-00C04F79EFBC}") = "IntegrationTests", "test\IntegrationTests\IntegrationTests.csproj", "{77B3843E-C652-4382-9E36-523E26CD29B6}"
EndProject
Project("{FAE04EC0-301F-11D3-BF4B-00C04F79EFBC}") = "UnitTests", "test\UnitTests\UnitTests.csproj", "{E38ABC3C-1051-412B-8764-A3EE26619A38}"
EndProject
Global
	GlobalSection(SolutionConfigurationPlatforms) = preSolution
		Debug|Any CPU = Debug|Any CPU
		Debug|x64 = Debug|x64
		Debug|x86 = Debug|x86
		Release|Any CPU = Release|Any CPU
		Release|x64 = Release|x64
		Release|x86 = Release|x86
	EndGlobalSection
	GlobalSection(SolutionProperties) = preSolution
		HideSolutionNode = FALSE
	EndGlobalSection
	GlobalSection(ProjectConfigurationPlatforms) = postSolution
		{53F932C5-B759-45E6-8956-0B7092B2453B}.Debug|Any CPU.ActiveCfg = Debug|Any CPU
		{53F932C5-B759-45E6-8956-0B7092B2453B}.Debug|Any CPU.Build.0 = Debug|Any CPU
		{53F932C5-B759-45E6-8956-0B7092B2453B}.Debug|x64.ActiveCfg = Debug|Any CPU
		{53F932C5-B759-45E6-8956-0B7092B2453B}.Debug|x64.Build.0 = Debug|Any CPU
		{53F932C5-B759-45E6-8956-0B7092B2453B}.Debug|x86.ActiveCfg = Debug|Any CPU
		{53F932C5-B759-45E6-8956-0B7092B2453B}.Debug|x86.Build.0 = Debug|Any CPU
		{53F932C5-B759-45E6-8956-0B7092B2453B}.Release|Any CPU.ActiveCfg = Release|Any CPU
		{53F932C5-B759-45E6-8956-0B7092B2453B}.Release|Any CPU.Build.0 = Release|Any CPU
		{53F932C5-B759-45E6-8956-0B7092B2453B}.Release|x64.ActiveCfg = Release|Any CPU
		{53F932C5-B759-45E6-8956-0B7092B2453B}.Release|x64.Build.0 = Release|Any CPU
		{53F932C5-B759-45E6-8956-0B7092B2453B}.Release|x86.ActiveCfg = Release|Any CPU
		{53F932C5-B759-45E6-8956-0B7092B2453B}.Release|x86.Build.0 = Release|Any CPU
		{A17CEAC3-F182-4099-AED6-58BA07BA7C3E}.Debug|Any CPU.ActiveCfg = Debug|Any CPU
		{A17CEAC3-F182-4099-AED6-58BA07BA7C3E}.Debug|Any CPU.Build.0 = Debug|Any CPU
		{A17CEAC3-F182-4099-AED6-58BA07BA7C3E}.Debug|x64.ActiveCfg = Debug|Any CPU
		{A17CEAC3-F182-4099-AED6-58BA07BA7C3E}.Debug|x64.Build.0 = Debug|Any CPU
		{A17CEAC3-F182-4099-AED6-58BA07BA7C3E}.Debug|x86.ActiveCfg = Debug|Any CPU
		{A17CEAC3-F182-4099-AED6-58BA07BA7C3E}.Debug|x86.Build.0 = Debug|Any CPU
		{A17CEAC3-F182-4099-AED6-58BA07BA7C3E}.Release|Any CPU.ActiveCfg = Release|Any CPU
		{A17CEAC3-F182-4099-AED6-58BA07BA7C3E}.Release|Any CPU.Build.0 = Release|Any CPU
		{A17CEAC3-F182-4099-AED6-58BA07BA7C3E}.Release|x64.ActiveCfg = Release|Any CPU
		{A17CEAC3-F182-4099-AED6-58BA07BA7C3E}.Release|x64.Build.0 = Release|Any CPU
		{A17CEAC3-F182-4099-AED6-58BA07BA7C3E}.Release|x86.ActiveCfg = Release|Any CPU
		{A17CEAC3-F182-4099-AED6-58BA07BA7C3E}.Release|x86.Build.0 = Release|Any CPU
		{93BBEBE3-2D7E-46AA-88BA-299C65AA65DE}.Debug|Any CPU.ActiveCfg = Debug|Any CPU
		{93BBEBE3-2D7E-46AA-88BA-299C65AA65DE}.Debug|Any CPU.Build.0 = Debug|Any CPU
		{93BBEBE3-2D7E-46AA-88BA-299C65AA65DE}.Debug|x64.ActiveCfg = Debug|Any CPU
		{93BBEBE3-2D7E-46AA-88BA-299C65AA65DE}.Debug|x64.Build.0 = Debug|Any CPU
		{93BBEBE3-2D7E-46AA-88BA-299C65AA65DE}.Debug|x86.ActiveCfg = Debug|Any CPU
		{93BBEBE3-2D7E-46AA-88BA-299C65AA65DE}.Debug|x86.Build.0 = Debug|Any CPU
		{93BBEBE3-2D7E-46AA-88BA-299C65AA65DE}.Release|Any CPU.ActiveCfg = Release|Any CPU
		{93BBEBE3-2D7E-46AA-88BA-299C65AA65DE}.Release|Any CPU.Build.0 = Release|Any CPU
		{93BBEBE3-2D7E-46AA-88BA-299C65AA65DE}.Release|x64.ActiveCfg = Release|Any CPU
		{93BBEBE3-2D7E-46AA-88BA-299C65AA65DE}.Release|x64.Build.0 = Release|Any CPU
		{93BBEBE3-2D7E-46AA-88BA-299C65AA65DE}.Release|x86.ActiveCfg = Release|Any CPU
		{93BBEBE3-2D7E-46AA-88BA-299C65AA65DE}.Release|x86.Build.0 = Release|Any CPU
		{885F6B6D-576A-4FFC-949B-32C171E875F9}.Debug|Any CPU.ActiveCfg = Debug|Any CPU
		{885F6B6D-576A-4FFC-949B-32C171E875F9}.Debug|Any CPU.Build.0 = Debug|Any CPU
		{885F6B6D-576A-4FFC-949B-32C171E875F9}.Debug|x64.ActiveCfg = Debug|Any CPU
		{885F6B6D-576A-4FFC-949B-32C171E875F9}.Debug|x64.Build.0 = Debug|Any CPU
		{885F6B6D-576A-4FFC-949B-32C171E875F9}.Debug|x86.ActiveCfg = Debug|Any CPU
		{885F6B6D-576A-4FFC-949B-32C171E875F9}.Debug|x86.Build.0 = Debug|Any CPU
		{885F6B6D-576A-4FFC-949B-32C171E875F9}.Release|Any CPU.ActiveCfg = Release|Any CPU
		{885F6B6D-576A-4FFC-949B-32C171E875F9}.Release|Any CPU.Build.0 = Release|Any CPU
		{885F6B6D-576A-4FFC-949B-32C171E875F9}.Release|x64.ActiveCfg = Release|Any CPU
		{885F6B6D-576A-4FFC-949B-32C171E875F9}.Release|x64.Build.0 = Release|Any CPU
		{885F6B6D-576A-4FFC-949B-32C171E875F9}.Release|x86.ActiveCfg = Release|Any CPU
		{885F6B6D-576A-4FFC-949B-32C171E875F9}.Release|x86.Build.0 = Release|Any CPU
		{77B3843E-C652-4382-9E36-523E26CD29B6}.Debug|Any CPU.ActiveCfg = Debug|Any CPU
		{77B3843E-C652-4382-9E36-523E26CD29B6}.Debug|Any CPU.Build.0 = Debug|Any CPU
		{77B3843E-C652-4382-9E36-523E26CD29B6}.Debug|x64.ActiveCfg = Debug|Any CPU
		{77B3843E-C652-4382-9E36-523E26CD29B6}.Debug|x64.Build.0 = Debug|Any CPU
		{77B3843E-C652-4382-9E36-523E26CD29B6}.Debug|x86.ActiveCfg = Debug|Any CPU
		{77B3843E-C652-4382-9E36-523E26CD29B6}.Debug|x86.Build.0 = Debug|Any CPU
		{77B3843E-C652-4382-9E36-523E26CD29B6}.Release|Any CPU.ActiveCfg = Release|Any CPU
		{77B3843E-C652-4382-9E36-523E26CD29B6}.Release|Any CPU.Build.0 = Release|Any CPU
		{77B3843E-C652-4382-9E36-523E26CD29B6}.Release|x64.ActiveCfg = Release|Any CPU
		{77B3843E-C652-4382-9E36-523E26CD29B6}.Release|x64.Build.0 = Release|Any CPU
		{77B3843E-C652-4382-9E36-523E26CD29B6}.Release|x86.ActiveCfg = Release|Any CPU
		{77B3843E-C652-4382-9E36-523E26CD29B6}.Release|x86.Build.0 = Release|Any CPU
		{E38ABC3C-1051-412B-8764-A3EE26619A38}.Debug|Any CPU.ActiveCfg = Debug|Any CPU
		{E38ABC3C-1051-412B-8764-A3EE26619A38}.Debug|Any CPU.Build.0 = Debug|Any CPU
		{E38ABC3C-1051-412B-8764-A3EE26619A38}.Debug|x64.ActiveCfg = Debug|Any CPU
		{E38ABC3C-1051-412B-8764-A3EE26619A38}.Debug|x64.Build.0 = Debug|Any CPU
		{E38ABC3C-1051-412B-8764-A3EE26619A38}.Debug|x86.ActiveCfg = Debug|Any CPU
		{E38ABC3C-1051-412B-8764-A3EE26619A38}.Debug|x86.Build.0 = Debug|Any CPU
		{E38ABC3C-1051-412B-8764-A3EE26619A38}.Release|Any CPU.ActiveCfg = Release|Any CPU
		{E38ABC3C-1051-412B-8764-A3EE26619A38}.Release|Any CPU.Build.0 = Release|Any CPU
		{E38ABC3C-1051-412B-8764-A3EE26619A38}.Release|x64.ActiveCfg = Release|Any CPU
		{E38ABC3C-1051-412B-8764-A3EE26619A38}.Release|x64.Build.0 = Release|Any CPU
		{E38ABC3C-1051-412B-8764-A3EE26619A38}.Release|x86.ActiveCfg = Release|Any CPU
		{E38ABC3C-1051-412B-8764-A3EE26619A38}.Release|x86.Build.0 = Release|Any CPU
	EndGlobalSection
	GlobalSection(NestedProjects) = preSolution
		{53F932C5-B759-45E6-8956-0B7092B2453B} = {2E096C89-BC85-4070-AF10-D30DB950F5B5}
		{A17CEAC3-F182-4099-AED6-58BA07BA7C3E} = {2E096C89-BC85-4070-AF10-D30DB950F5B5}
		{93BBEBE3-2D7E-46AA-88BA-299C65AA65DE} = {2E096C89-BC85-4070-AF10-D30DB950F5B5}
		{885F6B6D-576A-4FFC-949B-32C171E875F9} = {2E096C89-BC85-4070-AF10-D30DB950F5B5}
		{77B3843E-C652-4382-9E36-523E26CD29B6} = {D63419D8-FCB1-4E8D-BEAF-58D3131DE720}
		{E38ABC3C-1051-412B-8764-A3EE26619A38} = {D63419D8-FCB1-4E8D-BEAF-58D3131DE720}
	EndGlobalSection
EndGlobal
